
Microsoft Visual Studio Solution File, Format Version 12.00
# Visual Studio Version 17
VisualStudioVersion = 17.14.36518.9 d17.14
MinimumVisualStudioVersion = 10.0.40219.1
Project("{FAE04EC0-301F-11D3-BF4B-00C04F79EFBC}") = "Cinema", "Cinema\Cinema.csproj", "{4F7D9021-46DA-45D3-B048-D2874827D407}"
EndProject
Global
	GlobalSection(SolutionConfigurationPlatforms) = preSolution
		Debug|Any CPU = Debug|Any CPU
		Release|Any CPU = Release|Any CPU
	EndGlobalSection
	GlobalSection(ProjectConfigurationPlatforms) = postSolution
		{4F7D9021-46DA-45D3-B048-D2874827D407}.Debug|Any CPU.ActiveCfg = Debug|Any CPU
		{4F7D9021-46DA-45D3-B048-D2874827D407}.Debug|Any CPU.Build.0 = Debug|Any CPU
		{4F7D9021-46DA-45D3-B048-D2874827D407}.Release|Any CPU.ActiveCfg = Release|Any CPU
		{4F7D9021-46DA-45D3-B048-D2874827D407}.Release|Any CPU.Build.0 = Release|Any CPU
	EndGlobalSection
	GlobalSection(SolutionProperties) = preSolution
		HideSolutionNode = FALSE
	EndGlobalSection
	GlobalSection(ExtensibilityGlobals) = postSolution
		SolutionGuid = {7FFB2D37-5982-40CF-A835-02ABC7308428}
	EndGlobalSection
EndGlobal
